github.com/agext/levenshtein v1.2.1 h1:QmvMAjj2aEICytGiWzmxoE0x2KZvE0fvmqMOfy2tjT8=
github.com/agext/levenshtein v1.2.1/go.mod h1:JEDfjyjHDjOF/1e4FlBE/PkbqA9OfWu2ki2W0IB5558=
github.com/andybalholm/brotli v1.2.2 h1:HzTuoo2ErYQqf5qvcJInB8uvqSVxRttzkFexPWtnceM=
github.com/andybalholm/brotli v1.2.2/go.mod h1:rzTDkvFWvIrjDXZHkuS16NPggd91W3kUSvPlQ1pLaKY=
github.com/apparentlymart/go-textseg/v15 v15.0.0 h1:uYvfpb3DyLSCGWnctWKGj857c6ew1u1fNQOlOtuGxQY=
github.com/apparentlymart/go-textseg/v15 v15.0.0/go.mod h1:K8XmNZdhEBkdlyDdvbmmsvpAG721bKi0joRfFdHIWJ4=
github.com/apparentlymart/go-textseg/v17 v17.0.1 h1:bpMXRgQ5cEoRNuQke1a80/Nl6w3G5eoIbWo9f3gXkAs=
github.com/apparentlymart/go-textseg/v17 v17.0.1/go.mod h1:fa8X4jgGeevslICIY6LcdjkSecWnXmYd9Lk34z/VxZs=
github.com/cespare/xxhash/v2 v2.3.0 h1:UL815xU9SqsFlibzuggzjXhog7bL6oX9BbNZnL2UFvs=
github.com/cespare/xxhash/v2 v2.3.0/go.mod h1:VGX0DQ3Q6kWi7AoAeZDth3/j3BFtOZR5XLFGgcrjCOs=
github.com/coder/websocket v1.8.15 h1:6B2JPeOGlpff2Uz6vOEH1Vzpi0iUz20A+lPVhPHtNUA=
github.com/coder/websocket v1.8.15/go.mod h1:NX3SzP+inril6yawo5CQXx8+fk145lPDC6pumgx0mVg=
github.com/davecgh/go-spew v1.1.1 h1:vj9j/u1bqnvCEfJOwUhtlOARqs3+rkHYY13jYWTU97c=
github.com/davecgh/go-spew v1.1.1/go.mod h1:J7Y8YcW2NihsgmVo/mv3lAwl/skON4iLHjSsI+c5H38=
github.com/ebitengine/purego v0.10.2 h1:W809HbnvzAxgdm+aOvlSekrM16wGCdT/e76+9tS7gzE=
github.com/ebitengine/purego v0.10.2/go.mod h1:iIjxzd6CiRiOG0UyXP+V1+jWqUXVjPKLAI0mRfJZTmQ=
github.com/go-crdt/collab v0.25.0 h1:xO/cZq41GvsCyPOw+sdldCu2r3lDbMK1N0GgN6D9+Ss=
github.com/go-crdt/collab v0.25.0/go.mod h1:eYhMwHjmRyN5zMk/IBwBsTe3ZxqHuSCvNx3TdVTpYHg=
github.com/go-crdt/crdt v0.31.0 h1:CTi+lo0bjsJv3F09CR/AdILQtWEWmzbDQ+S/6HNBOMU=
github.com/go-crdt/crdt v0.31.0/go.mod h1:vbfvns9B9FUaMi2sPKzMYttKmbxfgO7EK3Yu82SrlYw=
github.com/go-freedesktop/screencast v0.1.0 h1:LZF4SAYUI79n31U1qfCXZ0+FdEN8c6/Vbzmqkoz4VEY=
github.com/go-freedesktop/screencast v0.1.0/go.mod h1:S2FPTvX9NmbDLHOqXm1MVmN74n8gzyrJBrSa+P7zZbo=
github.com/go-freedesktop/x11 v0.2.0 h1:qHvov5jn7GG4QxeealqRJVj72/MjR5qi2IXqyD7N02A=
github.com/go-freedesktop/x11 v0.2.0/go.mod h1:a+Fma9oOlsagw0CJKe+VHYxIl5/PzPSmlCVaYCtUSYA=
github.com/go-gfx/gfx v0.11.0 h1:IwdTO1i7veITSvEFBSjYAqiwzNm7CryDlkQgTt/NsKI=
github.com/go-gfx/gfx v0.11.0/go.mod h1:bFt/MWyYWRU3Ic9IaB8XOC9KLMMHRRmahMk4FaIGK7g=
github.com/go-icons/iconoir v0.2.0 h1:I5AnDEIPgYfawTmwzemDRJjlYCUbFHuS8GJXrjADhXc=
github.com/go-icons/iconoir v0.2.0/go.mod h1:Td/M2vy4xdVv4aOudAskV0nXR9Wv0MlhWvyRIzPBz5U=
github.com/go-images/images v0.0.0-20260815210351-4a50ef5ab734 h1:nU+MGeyJzidGvCtx+HLZgHKG9GpUUomkQvB5nXLRWoc=
github.com/go-images/images v0.0.0-20260815210351-4a50ef5ab734/go.mod h1:ObuOBKDEidGX0LqLKY/5nqj7JVN/hsCzHMAJd0TNc0k=
github.com/go-logr/logr v1.4.3 h1:CjnDlHq8ikf6E492q6eKboGOC0T8CDaOvkHCIg8idEI=
github.com/go-logr/logr v1.4.3/go.mod h1:9T104GzyrTigFIr8wt5mBrctHMim0Nb2HLGrmQ40KvY=
github.com/go-logr/stdr v1.2.2 h1:hSWxHoqTgW2S2qGc0LTAI563KZ5YKYRhT3MFKZMbjag=
github.com/go-logr/stdr v1.2.2/go.mod h1:mMo/vtBO5dYbehREoey6XUKy/eSumjCCveDpRre4VKE=
github.com/go-macos/accessibility v0.3.2 h1:m1X90zvWzVfts1d52zDL6q1R7AhcYWjUg4uLAnwLVhQ=
github.com/go-macos/accessibility v0.3.2/go.mod h1:TqBKMtD3L2LLzyULaf6hbjIDHNGULGh/tAzZGaL5qTw=
github.com/go-macos/appicon v0.1.0 h1:DIMMBE0iPKU7fAbybxSktY73sIOniUYd9l+fJQuw/Jc=
github.com/go-macos/appicon v0.1.0/go.mod h1:mL3vebftan8SFD8fx8K2FKpY9FuBhKVEA5NrLJzPtxw=
github.com/go-macos/brightness v0.1.1 h1:IrXhHJtwCEwQl2q54LW35C9+Caodwe+2h/yOqOqLcBE=
github.com/go-macos/brightness v0.1.1/go.mod h1:YSgahQXXD66Hjv9X0/A3lWR20iaemzWm3DiK7OHpuvc=
github.com/go-macos/hotkey v0.6.0 h1:S9CBpaS58rPOZEoGBoRG8Qb9D3tqXk2MURsi/7aDbEM=
github.com/go-macos/hotkey v0.6.0/go.mod h1:uJExaEG7xtI7RndCv2QkaqH4UAYOx5jxZDjCY8lqWQ0=
github.com/go-macos/iokit v0.1.0 h1:noPIXSMxCqC+sBT07i7arGkqYwzFBYSwocnbfFxGY5c=
github.com/go-macos/iokit v0.1.0/go.mod h1:UjYu90FvAQ/cLIyt+GXTdlebs0ig9pPIqram+36oKYA=
github.com/go-macos/objc v0.5.0 h1:/C091FfAlpHR8UAGWMVV9hM7AOPJejONu3TbpZYi9EQ=
github.com/go-macos/objc v0.5.0/go.mod h1:00GJyieLzPcb65rPLVWNPPUCVm79nmmiEXUDsslRpOs=
github.com/go-macos/pointer v0.1.0 h1:3EzOYpglD00NPPbfbvxATgPADhjx8FT+3kObqvAkkio=
github.com/go-macos/pointer v0.1.0/go.mod h1:5tUH5BYtStY5ArNrru/icDD7RfGJLdq7ekmgKr4mwOk=
github.com/go-macos/screencapture v0.1.1 h1:6w6pimUDVdGwNQSVOiX9GQjY5hrHXX5zrxbDOi2q3sA=
github.com/go-macos/screencapture v0.1.1/go.mod h1:v/+0ftetufZ7nNdIWgwp4f8w1Yg+LFxS4iBHoNFyA4Y=
github.com/go-macos/statusitem v0.2.0 h1:DmqUFioNKN6bbo3tMJ0VxBKehWFVRfWOwgQ8yfuDZqg=
github.com/go-macos/statusitem v0.2.0/go.mod h1:aMYbvRziP2qgjNTICILPnSpwztf6W4bwEmEBW774OYE=
github.com/go-macos/virtualdisplay v0.2.1 h1:Yg1IPEjsToMCfSHVuiVKGtL3NpOgI68VGgA53euQtOY=
github.com/go-macos/virtualdisplay v0.2.1/go.mod h1:X2uyrY28G2kJ8dVDxnCGUa7Q1ScB5rr0Vmd83Smx+uY=
github.com/go-mswin/screencapture v0.2.0 h1:2wuzUiORPoQehjNrfBAkhlT7DJ12sd53B5U+x+4XoR0=
github.com/go-mswin/screencapture v0.2.0/go.mod h1:jBFAxU39J9pxOjFNkTh72td13kq0oUWhyQc5XI4V1V8=
github.com/go-mswin/win32 v0.4.0 h1:0JAvm3XNMxOyfYX1anbtAqxNvxvUA0DZ1SyAUinhMa0=
github.com/go-mswin/win32 v0.4.0/go.mod h1:ypmW4zosl3mXhy0O39EDbHk+AUjgaXGyFgY5UpX3AxI=
github.com/go-opentype/fonts v0.8.0 h1:77i3VPIH90GbstzNb21mk+an4WvEOe2idC6W+J0n0fw=
github.com/go-opentype/fonts v0.8.0/go.mod h1:C6yQL2apHItfEZ5hztpsHF0S5mlX/hklLlq/Z5fRG/g=
github.com/go-opentype/opentype v0.6.0 h1:2t1Qs/Uo4M+f9gahV5QGihLTTeI/q4s0l7MIsbkd290=
github.com/go-opentype/opentype v0.6.0/go.mod h1:AOixevJf7XQaH7+WG+OMIOZEbYPXfMqklVk26Y6YTUU=
github.com/go-opentype/shape v0.5.0 h1:jHNaOMHNBdDj5EixOevlrrsi92svMxvVMKN7GYaPfxo=
github.com/go-opentype/shape v0.5.0/go.mod h1:3ImRYNIj6zpwWQ/DV3BWhgMFfmzDITH6XpZw2auQHTo=
github.com/go-richdoc/richdoc v0.2.0 h1:z9cLox9MoInZL6fIlweMzgDT/VqgnB2ZucSIEaRFglY=
github.com/go-richdoc/richdoc v0.2.0/go.mod h1:aCX8ulqg5CoKqSWgWeEWul1Oj0d2VxQeaQNI0+jsm7c=
github.com/go-test/deep v1.0.3 h1:ZrJSEWsXzPOxaZnFteGEfooLba+ju3FYIbOrS+rQd68=
github.com/go-test/deep v1.0.3/go.mod h1:wGDj63lr65AM2AQyKZd/NYHGb0R+1RLqB8NKt3aSFNA=
github.com/go-typeset/bidi v0.3.0 h1:4fjGjejvjE2LzLNzY4si8PkVO321NcsKIiANhWT3jF4=
github.com/go-typeset/bidi v0.3.0/go.mod h1:ct3cmYT8Qt1FGJQ+2QaakrUxqaP4ZysgdQQg2ym5+Xo=
github.com/go-widgets/android v0.13.1 h1:lo51C5xjTEceNxK2eUDOlpWIFi+LKS5XpKMNjnJns+U=
github.com/go-widgets/android v0.13.1/go.mod h1:MsEBpJyEUhmq4yKPXIMMf+BX21NWAPQW9lfU0deDR+g=
github.com/go-widgets/mvvm v0.7.0 h1:I7E2Kd9H8K/vJfZClifBRCqnk0kQTjTnhjnuIdORAVk=
github.com/go-widgets/mvvm v0.7.0/go.mod h1:BBgSa7vTeNtYCo28qeowez9RlSSvViU73CcFj5vCvJ8=
github.com/go-widgets/painter v0.12.0 h1:gMqTVbIbGSKmaE28NKsbbKdNIk2drupNMNuLjFP6T6I=
github.com/go-widgets/painter v0.12.0/go.mod h1:IPRLqdUJuJX8sfuHeYLZCzjoLvA0ApbOlyIAVmguJDQ=
github.com/go-widgets/toolkit v0.284.0 h1:AWTO/Qcw5sftSVoz0CaCqmBtgYz8gImrYIyqeFUGcVE=
github.com/go-widgets/toolkit v0.284.0/go.mod h1:IaRQFcV6FjxwzGXpHd3dpEoWZ+82f7dMPwtEZSH4nIg=
github.com/go-widgets/window v0.57.0 h1:FNPDgAddoQV3NSUid4X4OL0qNP1tD34daEOum89/aBY=
github.com/go-widgets/window v0.57.0/go.mod h1:nJjeM1Zq9Jbr/j4KsC5WJDOQt9Ywz3At6ZK60CiZdos=
github.com/go-xrkit/android v0.1.0 h1:sKK3UOu59aR7PCtciJBsjCdbK0pWRqpW6aRJaiyl4ug=
github.com/go-xrkit/android v0.1.0/go.mod h1:Ee4vAwQuzA91pkQ06yjbVT03RZ99jdqpfSxGF/SGxLY=
github.com/go-xrkit/xrkit v0.7.0 h1:6DWgOpO9A2scJzxIXSTy/oDGKUTiZMhwKgu3ruIBBd0=
github.com/go-xrkit/xrkit v0.7.0/go.mod h1:xu9ZzeaFnuMhE4gbFimqJZOAWX51Evpglu2JMD64ux4=
github.com/godbus/dbus/v5 v5.2.2 h1:TUR3TgtSVDmjiXOgAAyaZbYmIeP3DPkld3jgKGV8mXQ=
github.com/godbus/dbus/v5 v5.2.2/go.mod h1:3AAv2+hPq5rdnr5txxxRwiGjPXamgoIHgz9FPBfOp3c=
github.com/golang/protobuf v1.5.4 h1:i7eJL8qZTpSEXOPTxNKhASYpMn+8e5Q6AdndVa1dWek=
github.com/golang/protobuf v1.5.4/go.mod h1:lnTiLA8Wa4RWRcIUkrtSVa5nRhsEGBg48fD6rSs7xps=
github.com/google/go-cmp v0.7.0 h1:wk8382ETsv4JYUZwIsn6YpYiWiBsYLSJiTsyBybVuN8=
github.com/google/go-cmp v0.7.0/go.mod h1:pXiqmnSA92OHEEa9HXL2W4E7lf9JzCmGVUdgjX3N/iU=
github.com/google/uuid v1.6.0 h1:NIvaJDMOsjHA8n1jAhLSgzrAzy1Hgr+hNrb57e+94F0=
github.com/google/uuid v1.6.0/go.mod h1:TIyPZe4MgqvfeYDBFedMoGGpEw/LqOeaOT+nhxU+yHo=
github.com/grpc-transports/websocket v0.2.0 h1:n4lN066PPcVTvTfLdwa84gfNiAzvS9k4SSQ1yWuG3+g=
github.com/grpc-transports/websocket v0.2.0/go.mod h1:2z7Qy11qgPaGDfqzImOt0iyLwH0wjfsvaiidCIIpzgg=
github.com/hashicorp/hcl/v2 v2.24.0 h1:2QJdZ454DSsYGoaE6QheQZjtKZSUs9Nh2izTWiwQxvE=
github.com/hashicorp/hcl/v2 v2.24.0/go.mod h1:oGoO1FIQYfn/AgyOhlg9qLC6/nOJPX3qGbkZpYAcqfM=
github.com/mitchellh/go-wordwrap v1.0.1 h1:TLuKupo69TCn6TQSyGxwI1EblZZEsQ0vMlAFQflz0v0=
github.com/mitchellh/go-wordwrap v1.0.1/go.mod h1:R62XHJLzvMFRBbcrT7m7WgmE1eOyTSsCt+hzestvNj0=
github.com/sergeymakinen/go-bmp v1.0.0 h1:SdGTzp9WvCV0A1V0mBeaS7kQAwNLdVJbmHlqNWq0R+M=
github.com/sergeymakinen/go-bmp v1.0.0/go.mod h1:/mxlAQZRLxSvJFNIEGGLBE/m40f3ZnUifpgVDlcUIEY=
github.com/sergeymakinen/go-ico v1.0.0 h1:uL3khgvKkY6WfAetA+RqsguClBuu7HpvBB/nq/Jvr80=
github.com/sergeymakinen/go-ico v1.0.0/go.mod h1:wQ47mTczswBO5F0NoDt7O0IXgnV4Xy3ojrroMQzyhUk=
github.com/xyproto/randomstring v1.0.5 h1:YtlWPoRdgMu3NZtP45drfy1GKoojuR7hmRcnhZqKjWU=
github.com/xyproto/randomstring v1.0.5/go.mod h1:rgmS5DeNXLivK7YprL0pY+lTuhNQW3iGxZ18UQApw/E=
github.com/zclconf/go-cty v1.19.0 h1:IV8WdqYZc2c5rLX9bEoLNXKojBAp0MZPBHMIrCoa/s4=
github.com/zclconf/go-cty v1.19.0/go.mod h1:12W89jGn3JCOIQi7infWr9m80rOkb5RNYJqXMZcN4c8=
github.com/zclconf/go-cty-debug v0.0.0-20240509010212-0d6042c53940 h1:4r45xpDWB6ZMSMNJFMOjqrGHynW3DIBuR2H9j0ug+Mo=
github.com/zclconf/go-cty-debug v0.0.0-20240509010212-0d6042c53940/go.mod h1:CmBdvvj3nqzfzJ6nTCIwDTPZ56aVGvDrmztiO5g3qrM=
go.opentelemetry.io/auto/sdk v1.2.1 h1:jXsnJ4Lmnqd11kwkBV2LgLoFMZKizbCi5fNZ/ipaZ64=
go.opentelemetry.io/auto/sdk v1.2.1/go.mod h1:KRTj+aOaElaLi+wW1kO/DZRXwkF4C5xPbEe3ZiIhN7Y=
go.opentelemetry.io/otel v1.39.0 h1:8yPrr/S0ND9QEfTfdP9V+SiwT4E0G7Y5MO7p85nis48=
go.opentelemetry.io/otel v1.39.0/go.mod h1:kLlFTywNWrFyEdH0oj2xK0bFYZtHRYUdv1NklR/tgc8=
go.opentelemetry.io/otel/metric v1.39.0 h1:d1UzonvEZriVfpNKEVmHXbdf909uGTOQjA0HF0Ls5Q0=
go.opentelemetry.io/otel/metric v1.39.0/go.mod h1:jrZSWL33sD7bBxg1xjrqyDjnuzTUB0x1nBERXd7Ftcs=
go.opentelemetry.io/otel/sdk v1.39.0 h1:nMLYcjVsvdui1B/4FRkwjzoRVsMK8uL/cj0OyhKzt18=
go.opentelemetry.io/otel/sdk v1.39.0/go.mod h1:vDojkC4/jsTJsE+kh+LXYQlbL8CgrEcwmt1ENZszdJE=
go.opentelemetry.io/otel/sdk/metric v1.39.0 h1:cXMVVFVgsIf2YL6QkRF4Urbr/aMInf+2WKg+sEJTtB8=
go.opentelemetry.io/otel/sdk/metric v1.39.0/go.mod h1:xq9HEVH7qeX69/JnwEfp6fVq5wosJsY1mt4lLfYdVew=
go.opentelemetry.io/otel/trace v1.39.0 h1:2d2vfpEDmCJ5zVYz7ijaJdOF59xLomrvj7bjt6/qCJI=
go.opentelemetry.io/otel/trace v1.39.0/go.mod h1:88w4/PnZSazkGzz/w84VHpQafiU4EtqqlVdxWy+rNOA=
golang.org/x/image v0.45.0 h1:FMb1nTbH5H9vF55SriQHgFw5GnNL9Jg6L25BwXKzhB0=
golang.org/x/image v0.45.0/go.mod h1:n62x/7RqlwXDvGsSU4u6IUTUf6KghUZ9Bt7cG/T9Fx4=
golang.org/x/mod v0.38.0 h1:MECBjubtXD7yj4HrhIUcywNaGeNVUdfVnxmPajOk4yk=
golang.org/x/mod v0.38.0/go.mod h1:V6Xz0pq8TQ3dGqVQ1FVHuelZpAL0uNhSkk9ogYP3c40=
golang.org/x/net v0.57.0 h1:K5+3DljvIuDG9/Jv9rvyMywYNFCQ9RSUY6OOTTkT+tE=
golang.org/x/net v0.57.0/go.mod h1:KpXc8iv+r3XplLAG/f7Jsf9RPszJzdR0f58q9vGOuEU=
golang.org/x/sync v0.22.0 h1:SZjpbeLmrCk4xhRSZFNZW5gFUeCeFgjekvI/+gfScek=
golang.org/x/sync v0.22.0/go.mod h1:9xrNwdLfx4jkKbNva9FpL6vEN7evnE43NNNJQ2LF3+0=
golang.org/x/sys v0.47.0 h1:o7XGOvZQCADBQQ4Y7VNq2dRWQR7JmOUW8Kxx4ZsNgWs=
golang.org/x/sys v0.47.0/go.mod h1:4GL1E5IUh+htKOUEOaiffhrAeqysfVGipDYzABqnCmw=
golang.org/x/text v0.41.0 h1:vz/seA0lnX87Othu2f/0L24RcgrXD9/YFTSuGjj3rH8=
golang.org/x/text v0.41.0/go.mod h1:jvf1O8ajNzZqhSrQBPbutR/EB83Cc0CFrezNQIwbb5M=
golang.org/x/tools v0.48.0 h1:3+hClM1aLL5mjMKm5ovokw9epgRXPuu2tILgismM6RE=
golang.org/x/tools v0.48.0/go.mod h1:08xX0orndb/F7jJxGDicx061tyd5pcMto75YMAXr6lk=
gonum.org/v1/gonum v0.17.0 h1:VbpOemQlsSMrYmn7T2OUvQ4dqxQXU+ouZFQsZOx50z4=
gonum.org/v1/gonum v0.17.0/go.mod h1:El3tOrEuMpv2UdMrbNlKEh9vd86bmQ6vqIcDwxEOc1E=
google.golang.org/genproto/googleapis/rpc v0.0.0-20260120221211-b8f7ae30c516 h1:sNrWoksmOyF5bvJUcnmbeAmQi8baNhqg5IWaI3llQqU=
google.golang.org/genproto/googleapis/rpc v0.0.0-20260120221211-b8f7ae30c516/go.mod h1:j9x/tPzZkyxcgEFkiKEEGxfvyumM01BEtsW8xzOahRQ=
google.golang.org/grpc v1.80.0 h1:Xr6m2WmWZLETvUNvIUmeD5OAagMw3FiKmMlTdViWsHM=
google.golang.org/grpc v1.80.0/go.mod h1:ho/dLnxwi3EDJA4Zghp7k2Ec1+c2jqup0bFkw07bwF4=
google.golang.org/protobuf v1.36.12 h1:pJOKDDOyeXErUroCihFAd5LQuwXBSpVnKGrj5o/fwxc=
google.golang.org/protobuf v1.36.12/go.mod h1:HTf+CrKn2C3g5S8VImy6tdcUvCska2kB7j23XfzDpco=
